
Microsoft Visual Studio Solution File, Format Version 10.00
# Visual Studio 2008
Project("{FAE04EC0-301F-11D3-BF4B-00C04F79EFBC}") = "PriceProcessor", "PriceProcessor\PriceProcessor.csproj", "{207B22E7-BF6C-489A-9D29-455E11D84EB8}"
EndProject
Project("{FAE04EC0-301F-11D3-BF4B-00C04F79EFBC}") = "PriceProcessor.Test", "PriceProcessor.Test\PriceProcessor.Test.csproj", "{1E627B3F-1151-48EA-ABA7-DE10247FCB6C}"
EndProject
Global
	GlobalSection(SourceCodeControl) = preSolution
		SccNumberOfProjects = 3
		SccLocalPath0 = .
		SccProjectUniqueName1 = PriceProcessor\\PriceProcessor.csproj
		SccLocalPath1 = .
		SccProjectFilePathRelativizedFromConnection1 = PriceProcessor\\
		SccProjectUniqueName2 = PriceProcessor.Test\\PriceProcessor.Test.csproj
		SccLocalPath2 = .
		SccProjectFilePathRelativizedFromConnection2 = PriceProcessor.Test\\
	EndGlobalSection
	GlobalSection(SolutionConfigurationPlatforms) = preSolution
		Debug|Any CPU = Debug|Any CPU
		Release|Any CPU = Release|Any CPU
	EndGlobalSection
	GlobalSection(ProjectConfigurationPlatforms) = postSolution
		{207B22E7-BF6C-489A-9D29-455E11D84EB8}.Debug|Any CPU.ActiveCfg = Debug|Any CPU
		{207B22E7-BF6C-489A-9D29-455E11D84EB8}.Debug|Any CPU.Build.0 = Debug|Any CPU
		{207B22E7-BF6C-489A-9D29-455E11D84EB8}.Release|Any CPU.ActiveCfg = Release|Any CPU
		{207B22E7-BF6C-489A-9D29-455E11D84EB8}.Release|Any CPU.Build.0 = Release|Any CPU
		{1E627B3F-1151-48EA-ABA7-DE10247FCB6C}.Debug|Any CPU.ActiveCfg = Debug|Any CPU
		{1E627B3F-1151-48EA-ABA7-DE10247FCB6C}.Debug|Any CPU.Build.0 = Debug|Any CPU
		{1E627B3F-1151-48EA-ABA7-DE10247FCB6C}.Release|Any CPU.ActiveCfg = Release|Any CPU
		{1E627B3F-1151-48EA-ABA7-DE10247FCB6C}.Release|Any CPU.Build.0 = Release|Any CPU
	EndGlobalSection
	GlobalSection(SolutionProperties) = preSolution
		HideSolutionNode = FALSE
	EndGlobalSection
EndGlobal
