
Microsoft Visual Studio Solution File, Format Version 10.00
# Visual Studio 2008
Project("{FAE04EC0-301F-11D3-BF4B-00C04F79EFBC}") = "PriceProcessor", "PriceProcessor\PriceProcessor.csproj", "{207B22E7-BF6C-489A-9D29-455E11D84EB8}"
	ProjectSection(ProjectDependencies) = postProject
		{046F74A6-68A8-4E5E-A9AB-7332B631CFB1} = {046F74A6-68A8-4E5E-A9AB-7332B631CFB1}
	EndProjectSection
EndProject
Project("{FAE04EC0-301F-11D3-BF4B-00C04F79EFBC}") = "PriceProcessor.Test", "PriceProcessor.Test\PriceProcessor.Test.csproj", "{1E627B3F-1151-48EA-ABA7-DE10247FCB6C}"
EndProject
Project("{FAE04EC0-301F-11D3-BF4B-00C04F79EFBC}") = "RemotePriceProcessor", "RemotePriceProcessor\RemotePriceProcessor.csproj", "{F53DDD6D-5BFA-4AE6-A455-CCB187ED1407}"
EndProject
Project("{2150E333-8FDC-42A3-9474-1A3956D46DE8}") = "lib", "lib", "{23B1ECD8-99E4-47D8-AE8A-222674665F06}"
EndProject
Project("{FAE04EC0-301F-11D3-BF4B-00C04F79EFBC}") = "ExecuteTemplate", "ExecuteTemplate\src\ExecuteTemplate\ExecuteTemplate.csproj", "{046F74A6-68A8-4E5E-A9AB-7332B631CFB1}"
EndProject
Project("{FAE04EC0-301F-11D3-BF4B-00C04F79EFBC}") = "Common.Tools", "Common.Tools\src\Common.Tools\Common.Tools.csproj", "{72AFCFE8-C9E9-45FA-9698-BEE896A517A3}"
EndProject
Project("{FAE04EC0-301F-11D3-BF4B-00C04F79EFBC}") = "Log.Test", "Log.Test\Log.Test.csproj", "{4FF15E57-1D82-4989-8655-0D960888BB2C}"
EndProject
Project("{FAE04EC0-301F-11D3-BF4B-00C04F79EFBC}") = "Common.Tools.Tests", "Common.Tools\src\Common.Tools.Test\Common.Tools.Tests.csproj", "{A2C4864F-8976-4C5B-A2BF-60AE31749BB7}"
	ProjectSection(ProjectDependencies) = postProject
		{72AFCFE8-C9E9-45FA-9698-BEE896A517A3} = {72AFCFE8-C9E9-45FA-9698-BEE896A517A3}
	EndProjectSection
EndProject
Global
	GlobalSection(SolutionConfigurationPlatforms) = preSolution
		Debug|Any CPU = Debug|Any CPU
		Release|Any CPU = Release|Any CPU
	EndGlobalSection
	GlobalSection(ProjectConfigurationPlatforms) = postSolution
		{207B22E7-BF6C-489A-9D29-455E11D84EB8}.Debug|Any CPU.ActiveCfg = Debug|Any CPU
		{207B22E7-BF6C-489A-9D29-455E11D84EB8}.Debug|Any CPU.Build.0 = Debug|Any CPU
		{207B22E7-BF6C-489A-9D29-455E11D84EB8}.Release|Any CPU.ActiveCfg = Release|Any CPU
		{207B22E7-BF6C-489A-9D29-455E11D84EB8}.Release|Any CPU.Build.0 = Release|Any CPU
		{1E627B3F-1151-48EA-ABA7-DE10247FCB6C}.Debug|Any CPU.ActiveCfg = Debug|Any CPU
		{1E627B3F-1151-48EA-ABA7-DE10247FCB6C}.Debug|Any CPU.Build.0 = Debug|Any CPU
		{1E627B3F-1151-48EA-ABA7-DE10247FCB6C}.Release|Any CPU.ActiveCfg = Release|Any CPU
		{1E627B3F-1151-48EA-ABA7-DE10247FCB6C}.Release|Any CPU.Build.0 = Release|Any CPU
		{F53DDD6D-5BFA-4AE6-A455-CCB187ED1407}.Debug|Any CPU.ActiveCfg = Debug|Any CPU
		{F53DDD6D-5BFA-4AE6-A455-CCB187ED1407}.Debug|Any CPU.Build.0 = Debug|Any CPU
		{F53DDD6D-5BFA-4AE6-A455-CCB187ED1407}.Release|Any CPU.ActiveCfg = Release|Any CPU
		{F53DDD6D-5BFA-4AE6-A455-CCB187ED1407}.Release|Any CPU.Build.0 = Release|Any CPU
		{046F74A6-68A8-4E5E-A9AB-7332B631CFB1}.Debug|Any CPU.ActiveCfg = Debug|Any CPU
		{046F74A6-68A8-4E5E-A9AB-7332B631CFB1}.Debug|Any CPU.Build.0 = Debug|Any CPU
		{046F74A6-68A8-4E5E-A9AB-7332B631CFB1}.Release|Any CPU.ActiveCfg = Release|Any CPU
		{046F74A6-68A8-4E5E-A9AB-7332B631CFB1}.Release|Any CPU.Build.0 = Release|Any CPU
		{72AFCFE8-C9E9-45FA-9698-BEE896A517A3}.Debug|Any CPU.ActiveCfg = Debug|Any CPU
		{72AFCFE8-C9E9-45FA-9698-BEE896A517A3}.Debug|Any CPU.Build.0 = Debug|Any CPU
		{72AFCFE8-C9E9-45FA-9698-BEE896A517A3}.Release|Any CPU.ActiveCfg = Release|Any CPU
		{72AFCFE8-C9E9-45FA-9698-BEE896A517A3}.Release|Any CPU.Build.0 = Release|Any CPU
		{4FF15E57-1D82-4989-8655-0D960888BB2C}.Debug|Any CPU.ActiveCfg = Debug|Any CPU
		{4FF15E57-1D82-4989-8655-0D960888BB2C}.Debug|Any CPU.Build.0 = Debug|Any CPU
		{4FF15E57-1D82-4989-8655-0D960888BB2C}.Release|Any CPU.ActiveCfg = Release|Any CPU
		{4FF15E57-1D82-4989-8655-0D960888BB2C}.Release|Any CPU.Build.0 = Release|Any CPU
		{A2C4864F-8976-4C5B-A2BF-60AE31749BB7}.Debug|Any CPU.ActiveCfg = Debug|Any CPU
		{A2C4864F-8976-4C5B-A2BF-60AE31749BB7}.Debug|Any CPU.Build.0 = Debug|Any CPU
		{A2C4864F-8976-4C5B-A2BF-60AE31749BB7}.Release|Any CPU.ActiveCfg = Release|Any CPU
		{A2C4864F-8976-4C5B-A2BF-60AE31749BB7}.Release|Any CPU.Build.0 = Release|Any CPU
	EndGlobalSection
	GlobalSection(SolutionProperties) = preSolution
		HideSolutionNode = FALSE
	EndGlobalSection
	GlobalSection(NestedProjects) = preSolution
		{046F74A6-68A8-4E5E-A9AB-7332B631CFB1} = {23B1ECD8-99E4-47D8-AE8A-222674665F06}
		{72AFCFE8-C9E9-45FA-9698-BEE896A517A3} = {23B1ECD8-99E4-47D8-AE8A-222674665F06}
		{A2C4864F-8976-4C5B-A2BF-60AE31749BB7} = {23B1ECD8-99E4-47D8-AE8A-222674665F06}
	EndGlobalSection
EndGlobal
