
Microsoft Visual Studio Solution File, Format Version 10.00
# Visual Studio 2008
Project("{FAE04EC0-301F-11D3-BF4B-00C04F79EFBC}") = "PriceProcessor", "PriceProcessor\PriceProcessor.csproj", "{207B22E7-BF6C-489A-9D29-455E11D84EB8}"
EndProject
Global
	GlobalSection(SourceCodeControl) = preSolution
		SccNumberOfProjects = 2
		SccLocalPath0 = .
		SccProjectUniqueName1 = PriceProcessor\\PriceProcessor.csproj
		SccLocalPath1 = .
		SccProjectFilePathRelativizedFromConnection1 = PriceProcessor\\
	EndGlobalSection
	GlobalSection(SolutionConfigurationPlatforms) = preSolution
		Debug|Any CPU = Debug|Any CPU
		Release|Any CPU = Release|Any CPU
	EndGlobalSection
	GlobalSection(ProjectConfigurationPlatforms) = postSolution
		{207B22E7-BF6C-489A-9D29-455E11D84EB8}.Debug|Any CPU.ActiveCfg = Debug|Any CPU
		{207B22E7-BF6C-489A-9D29-455E11D84EB8}.Debug|Any CPU.Build.0 = Debug|Any CPU
		{207B22E7-BF6C-489A-9D29-455E11D84EB8}.Release|Any CPU.ActiveCfg = Release|Any CPU
		{207B22E7-BF6C-489A-9D29-455E11D84EB8}.Release|Any CPU.Build.0 = Release|Any CPU
	EndGlobalSection
	GlobalSection(SolutionProperties) = preSolution
		HideSolutionNode = FALSE
	EndGlobalSection
EndGlobal
